
Microsoft Visual Studio Solution File, Format Version 12.00
# Visual Studio Version 16
VisualStudioVersion = 16.0.31729.503
MinimumVisualStudioVersion = 10.0.40219.1
Project("{FAE04EC0-301F-11D3-BF4B-00C04F79EFBC}") = "19127103_Lab03", "19127103_Lab03\19127103_Lab03.csproj", "{B5CD3DB3-0AD9-438F-B081-09D207D06AEC}"
EndProject
Global
	GlobalSection(SolutionConfigurationPlatforms) = preSolution
		Debug|Any CPU = Debug|Any CPU
		Release|Any CPU = Release|Any CPU
	EndGlobalSection
	GlobalSection(ProjectConfigurationPlatforms) = postSolution
		{B5CD3DB3-0AD9-438F-B081-09D207D06AEC}.Debug|Any CPU.ActiveCfg = Debug|Any CPU
		{B5CD3DB3-0AD9-438F-B081-09D207D06AEC}.Debug|Any CPU.Build.0 = Debug|Any CPU
		{B5CD3DB3-0AD9-438F-B081-09D207D06AEC}.Release|Any CPU.ActiveCfg = Release|Any CPU
		{B5CD3DB3-0AD9-438F-B081-09D207D06AEC}.Release|Any CPU.Build.0 = Release|Any CPU
	EndGlobalSection
	GlobalSection(SolutionProperties) = preSolution
		HideSolutionNode = FALSE
	EndGlobalSection
	GlobalSection(ExtensibilityGlobals) = postSolution
		SolutionGuid = {F9B01D68-C45D-4EE9-835F-2EE354E23A6B}
	EndGlobalSection
EndGlobal
